# THIS IS AN AUTOGENERATED FILE. DO NOT EDIT THIS FILE DIRECTLY.
# yarn lockfile v1


tslib@^2.6.2:
  version "2.6.2"
  resolved "https://registry.yarnpkg.com/tslib/-/tslib-2.6.2.tgz#703ac29425e7b37cd6fd456e92404d46d1f3e4ae"
  integrity sha512-AEYxH93jGFPn/a2iVAwW87VuUIkR1FVUKB77NwMF7nBTDkDrrT/Hpt/IrCJ0QXhW27jTBDcf5ZY7w6RiqTMw2Q==

typescript@5.5.0-beta:
  version "5.5.0-beta"
  resolved "https://registry.yarnpkg.com/typescript/-/typescript-5.5.0-beta.tgz#ae6a2e3aa277f74478f1743e8771676cddfcdbec"
  integrity sha512-FRg3e/aQg3olEG3ff8YjHOERsO4IM0m4qGrsE4UMvILaq4TdDZ6gQX4+2Rq9SjTpfSe/ebwiHcsjm/7FfWWQ6Q==
